
Microsoft Visual Studio Solution File, Format Version 12.00
# Visual Studio Version 16
VisualStudioVersion = 16.0.30413.136
MinimumVisualStudioVersion = 10.0.40219.1
Project("{9A19103F-16F7-4668-BE54-9A1E7A4F7556}") = "University", "University\University.csproj", "{9F165C1F-17DD-4EFC-BD61-AC1ABBB769F1}"
EndProject
Project("{9A19103F-16F7-4668-BE54-9A1E7A4F7556}") = "University.Test", "University.Test\University.Test.csproj", "{A6361CA9-AB86-4B25-BD80-1510B1FF3FAE}"
EndProject
Global
	GlobalSection(SolutionConfigurationPlatforms) = preSolution
		Debug|Any CPU = Debug|Any CPU
		Release|Any CPU = Release|Any CPU
	EndGlobalSection
	GlobalSection(ProjectConfigurationPlatforms) = postSolution
		{9F165C1F-17DD-4EFC-BD61-AC1ABBB769F1}.Debug|Any CPU.ActiveCfg = Debug|Any CPU
		{9F165C1F-17DD-4EFC-BD61-AC1ABBB769F1}.Debug|Any CPU.Build.0 = Debug|Any CPU
		{9F165C1F-17DD-4EFC-BD61-AC1ABBB769F1}.Release|Any CPU.ActiveCfg = Release|Any CPU
		{9F165C1F-17DD-4EFC-BD61-AC1ABBB769F1}.Release|Any CPU.Build.0 = Release|Any CPU
		{A6361CA9-AB86-4B25-BD80-1510B1FF3FAE}.Debug|Any CPU.ActiveCfg = Debug|Any CPU
		{A6361CA9-AB86-4B25-BD80-1510B1FF3FAE}.Debug|Any CPU.Build.0 = Debug|Any CPU
		{A6361CA9-AB86-4B25-BD80-1510B1FF3FAE}.Release|Any CPU.ActiveCfg = Release|Any CPU
		{A6361CA9-AB86-4B25-BD80-1510B1FF3FAE}.Release|Any CPU.Build.0 = Release|Any CPU
	EndGlobalSection
	GlobalSection(SolutionProperties) = preSolution
		HideSolutionNode = FALSE
	EndGlobalSection
	GlobalSection(ExtensibilityGlobals) = postSolution
		SolutionGuid = {788B5A09-5501-4941-BF2D-36D554BD7E96}
	EndGlobalSection
EndGlobal
